{
  "pins" : [
    {
      "identity" : "ios_networkingframework_binary",
      "kind" : "remoteSourceControl",
      "location" : "https://github.com/ssonje/iOS_NetworkingFramework_Binary.git",
      "state" : {
        "branch" : "main",
        "revision" : "6f496e7a978bcf7feb3e267bd0fc067f049c6b87"
      }
    }
  ],
  "version" : 2
}
