{
  "pins" : [
    {
      "identity" : "ios_networkingframework",
      "kind" : "remoteSourceControl",
      "location" : "https://github.com/ssonje/iOS_NetworkingFramework.git",
      "state" : {
        "branch" : "main",
        "revision" : "47123163dc9d439e0fc5a237f0255558990af741"
      }
    }
  ],
  "version" : 2
}
